
Microsoft Visual Studio Solution File, Format Version 12.00
# Visual Studio Version 17
VisualStudioVersion = 17.10.34607.79
MinimumVisualStudioVersion = 10.0.40219.1
Project("{FAE04EC0-301F-11D3-BF4B-00C04F79EFBC}") = "UserData", "UserData\UserData.csproj", "{8D8D3F9C-E649-4363-B449-C8935889B87B}"
EndProject
Global
	GlobalSection(SolutionConfigurationPlatforms) = preSolution
		Debug|Any CPU = Debug|Any CPU
		Release|Any CPU = Release|Any CPU
	EndGlobalSection
	GlobalSection(ProjectConfigurationPlatforms) = postSolution
		{8D8D3F9C-E649-4363-B449-C8935889B87B}.Debug|Any CPU.ActiveCfg = Debug|Any CPU
		{8D8D3F9C-E649-4363-B449-C8935889B87B}.Debug|Any CPU.Build.0 = Debug|Any CPU
		{8D8D3F9C-E649-4363-B449-C8935889B87B}.Release|Any CPU.ActiveCfg = Release|Any CPU
		{8D8D3F9C-E649-4363-B449-C8935889B87B}.Release|Any CPU.Build.0 = Release|Any CPU
	EndGlobalSection
	GlobalSection(SolutionProperties) = preSolution
		HideSolutionNode = FALSE
	EndGlobalSection
	GlobalSection(ExtensibilityGlobals) = postSolution
		SolutionGuid = {05BC1276-63BA-4A7A-81E2-A4695261C64F}
	EndGlobalSection
EndGlobal
